
Microsoft Visual Studio Solution File, Format Version 12.00
# Visual Studio Version 16
VisualStudioVersion = 16.0.31702.278
MinimumVisualStudioVersion = 10.0.40219.1
Project("{888888A0-9F3D-457C-B088-3A5042F75D52}") = "TradutorParaPortugues", "TradutorParaPortugues.pyproj", "{3437F1E8-5ED1-41C8-8131-017E3B0B2F88}"
EndProject
Global
	GlobalSection(SolutionConfigurationPlatforms) = preSolution
		Debug|Any CPU = Debug|Any CPU
		Release|Any CPU = Release|Any CPU
	EndGlobalSection
	GlobalSection(ProjectConfigurationPlatforms) = postSolution
		{3437F1E8-5ED1-41C8-8131-017E3B0B2F88}.Debug|Any CPU.ActiveCfg = Debug|Any CPU
		{3437F1E8-5ED1-41C8-8131-017E3B0B2F88}.Release|Any CPU.ActiveCfg = Release|Any CPU
	EndGlobalSection
	GlobalSection(SolutionProperties) = preSolution
		HideSolutionNode = FALSE
	EndGlobalSection
	GlobalSection(ExtensibilityGlobals) = postSolution
		SolutionGuid = {97D59BA0-573A-4BCB-A388-3E1E2FEED8BF}
	EndGlobalSection
EndGlobal
